
Microsoft Visual Studio Solution File, Format Version 12.00
# Visual Studio Version 16
VisualStudioVersion = 16.0.32126.315
MinimumVisualStudioVersion = 10.0.40219.1
Project("{8BC9CEB8-8B4A-11D0-8D11-00A0C91BC942}") = "Superkill", "Superkill\Superkill.vcxproj", "{DA50CD4E-2D1A-41F4-A8C6-C464C05654C0}"
EndProject
Project("{8BC9CEB8-8B4A-11D0-8D11-00A0C91BC942}") = "PPLLProtect", "PPLLProtect\PPLL-master\PPLL\PPLL.vcxproj", "{14836ECA-34BF-46CC-A613-909100D221E1}"
EndProject
Project("{8BC9CEB8-8B4A-11D0-8D11-00A0C91BC942}") = "ProcessListen", "ProcessMonitor\ProcessMonitor.vcxproj", "{7DD283C8-AAA1-4800-9198-76FA152B0FEA}"
EndProject
Project("{8BC9CEB8-8B4A-11D0-8D11-00A0C91BC942}") = "ProtectControl", "ProtectControl\ProtectControl.vcxproj", "{ED793EF4-748C-459C-96CD-3F00FE6A2720}"
EndProject
Project("{FAE04EC0-301F-11D3-BF4B-00C04F79EFBC}") = "WinDefense", "..\WinDefense\WinDefense.csproj", "{315393BC-1E4E-427C-88E8-33DD5B8713FF}"
EndProject
Global
	GlobalSection(SolutionConfigurationPlatforms) = preSolution
		Debug|Any CPU = Debug|Any CPU
		Debug|ARM = Debug|ARM
		Debug|ARM64 = Debug|ARM64
		Debug|x64 = Debug|x64
		Debug|x86 = Debug|x86
		Release|Any CPU = Release|Any CPU
		Release|ARM = Release|ARM
		Release|ARM64 = Release|ARM64
		Release|x64 = Release|x64
		Release|x86 = Release|x86
		Test|Any CPU = Test|Any CPU
		Test|ARM = Test|ARM
		Test|ARM64 = Test|ARM64
		Test|x64 = Test|x64
		Test|x86 = Test|x86
	EndGlobalSection
	GlobalSection(ProjectConfigurationPlatforms) = postSolution
		{DA50CD4E-2D1A-41F4-A8C6-C464C05654C0}.Debug|Any CPU.ActiveCfg = Debug|Win32
		{DA50CD4E-2D1A-41F4-A8C6-C464C05654C0}.Debug|ARM.ActiveCfg = Debug|ARM
		{DA50CD4E-2D1A-41F4-A8C6-C464C05654C0}.Debug|ARM.Build.0 = Debug|ARM
		{DA50CD4E-2D1A-41F4-A8C6-C464C05654C0}.Debug|ARM.Deploy.0 = Debug|ARM
		{DA50CD4E-2D1A-41F4-A8C6-C464C05654C0}.Debug|ARM64.ActiveCfg = Debug|ARM64
		{DA50CD4E-2D1A-41F4-A8C6-C464C05654C0}.Debug|ARM64.Build.0 = Debug|ARM64
		{DA50CD4E-2D1A-41F4-A8C6-C464C05654C0}.Debug|ARM64.Deploy.0 = Debug|ARM64
		{DA50CD4E-2D1A-41F4-A8C6-C464C05654C0}.Debug|x64.ActiveCfg = Debug|x64
		{DA50CD4E-2D1A-41F4-A8C6-C464C05654C0}.Debug|x64.Build.0 = Debug|x64
		{DA50CD4E-2D1A-41F4-A8C6-C464C05654C0}.Debug|x64.Deploy.0 = Debug|x64
		{DA50CD4E-2D1A-41F4-A8C6-C464C05654C0}.Debug|x86.ActiveCfg = Debug|Win32
		{DA50CD4E-2D1A-41F4-A8C6-C464C05654C0}.Debug|x86.Build.0 = Debug|Win32
		{DA50CD4E-2D1A-41F4-A8C6-C464C05654C0}.Debug|x86.Deploy.0 = Debug|Win32
		{DA50CD4E-2D1A-41F4-A8C6-C464C05654C0}.Release|Any CPU.ActiveCfg = Release|Win32
		{DA50CD4E-2D1A-41F4-A8C6-C464C05654C0}.Release|ARM.ActiveCfg = Release|ARM
		{DA50CD4E-2D1A-41F4-A8C6-C464C05654C0}.Release|ARM.Build.0 = Release|ARM
		{DA50CD4E-2D1A-41F4-A8C6-C464C05654C0}.Release|ARM.Deploy.0 = Release|ARM
		{DA50CD4E-2D1A-41F4-A8C6-C464C05654C0}.Release|ARM64.ActiveCfg = Release|ARM64
		{DA50CD4E-2D1A-41F4-A8C6-C464C05654C0}.Release|ARM64.Build.0 = Release|ARM64
		{DA50CD4E-2D1A-41F4-A8C6-C464C05654C0}.Release|ARM64.Deploy.0 = Release|ARM64
		{DA50CD4E-2D1A-41F4-A8C6-C464C05654C0}.Release|x64.ActiveCfg = Release|x64
		{DA50CD4E-2D1A-41F4-A8C6-C464C05654C0}.Release|x64.Build.0 = Release|x64
		{DA50CD4E-2D1A-41F4-A8C6-C464C05654C0}.Release|x64.Deploy.0 = Release|x64
		{DA50CD4E-2D1A-41F4-A8C6-C464C05654C0}.Release|x86.ActiveCfg = Release|Win32
		{DA50CD4E-2D1A-41F4-A8C6-C464C05654C0}.Release|x86.Build.0 = Release|Win32
		{DA50CD4E-2D1A-41F4-A8C6-C464C05654C0}.Release|x86.Deploy.0 = Release|Win32
		{DA50CD4E-2D1A-41F4-A8C6-C464C05654C0}.Test|Any CPU.ActiveCfg = Release|Win32
		{DA50CD4E-2D1A-41F4-A8C6-C464C05654C0}.Test|Any CPU.Build.0 = Release|Win32
		{DA50CD4E-2D1A-41F4-A8C6-C464C05654C0}.Test|ARM.ActiveCfg = Release|ARM
		{DA50CD4E-2D1A-41F4-A8C6-C464C05654C0}.Test|ARM.Build.0 = Release|ARM
		{DA50CD4E-2D1A-41F4-A8C6-C464C05654C0}.Test|ARM64.ActiveCfg = Release|ARM64
		{DA50CD4E-2D1A-41F4-A8C6-C464C05654C0}.Test|ARM64.Build.0 = Release|ARM64
		{DA50CD4E-2D1A-41F4-A8C6-C464C05654C0}.Test|x64.ActiveCfg = Release|x64
		{DA50CD4E-2D1A-41F4-A8C6-C464C05654C0}.Test|x64.Build.0 = Release|x64
		{DA50CD4E-2D1A-41F4-A8C6-C464C05654C0}.Test|x86.ActiveCfg = Release|Win32
		{DA50CD4E-2D1A-41F4-A8C6-C464C05654C0}.Test|x86.Build.0 = Release|Win32
		{14836ECA-34BF-46CC-A613-909100D221E1}.Debug|Any CPU.ActiveCfg = Debug|Win32
		{14836ECA-34BF-46CC-A613-909100D221E1}.Debug|ARM.ActiveCfg = Debug|ARM
		{14836ECA-34BF-46CC-A613-909100D221E1}.Debug|ARM.Build.0 = Debug|ARM
		{14836ECA-34BF-46CC-A613-909100D221E1}.Debug|ARM.Deploy.0 = Debug|ARM
		{14836ECA-34BF-46CC-A613-909100D221E1}.Debug|ARM64.ActiveCfg = Debug|ARM64
		{14836ECA-34BF-46CC-A613-909100D221E1}.Debug|ARM64.Build.0 = Debug|ARM64
		{14836ECA-34BF-46CC-A613-909100D221E1}.Debug|ARM64.Deploy.0 = Debug|ARM64
		{14836ECA-34BF-46CC-A613-909100D221E1}.Debug|x64.ActiveCfg = Debug|x64
		{14836ECA-34BF-46CC-A613-909100D221E1}.Debug|x64.Build.0 = Debug|x64
		{14836ECA-34BF-46CC-A613-909100D221E1}.Debug|x64.Deploy.0 = Debug|x64
		{14836ECA-34BF-46CC-A613-909100D221E1}.Debug|x86.ActiveCfg = Debug|Win32
		{14836ECA-34BF-46CC-A613-909100D221E1}.Debug|x86.Build.0 = Debug|Win32
		{14836ECA-34BF-46CC-A613-909100D221E1}.Debug|x86.Deploy.0 = Debug|Win32
		{14836ECA-34BF-46CC-A613-909100D221E1}.Release|Any CPU.ActiveCfg = Release|Win32
		{14836ECA-34BF-46CC-A613-909100D221E1}.Release|ARM.ActiveCfg = Release|ARM
		{14836ECA-34BF-46CC-A613-909100D221E1}.Release|ARM.Build.0 = Release|ARM
		{14836ECA-34BF-46CC-A613-909100D221E1}.Release|ARM.Deploy.0 = Release|ARM
		{14836ECA-34BF-46CC-A613-909100D221E1}.Release|ARM64.ActiveCfg = Release|ARM64
		{14836ECA-34BF-46CC-A613-909100D221E1}.Release|ARM64.Build.0 = Release|ARM64
		{14836ECA-34BF-46CC-A613-909100D221E1}.Release|ARM64.Deploy.0 = Release|ARM64
		{14836ECA-34BF-46CC-A613-909100D221E1}.Release|x64.ActiveCfg = Release|x64
		{14836ECA-34BF-46CC-A613-909100D221E1}.Release|x64.Build.0 = Release|x64
		{14836ECA-34BF-46CC-A613-909100D221E1}.Release|x64.Deploy.0 = Release|x64
		{14836ECA-34BF-46CC-A613-909100D221E1}.Release|x86.ActiveCfg = Release|Win32
		{14836ECA-34BF-46CC-A613-909100D221E1}.Release|x86.Build.0 = Release|Win32
		{14836ECA-34BF-46CC-A613-909100D221E1}.Release|x86.Deploy.0 = Release|Win32
		{14836ECA-34BF-46CC-A613-909100D221E1}.Test|Any CPU.ActiveCfg = Release|Win32
		{14836ECA-34BF-46CC-A613-909100D221E1}.Test|Any CPU.Build.0 = Release|Win32
		{14836ECA-34BF-46CC-A613-909100D221E1}.Test|ARM.ActiveCfg = Release|ARM
		{14836ECA-34BF-46CC-A613-909100D221E1}.Test|ARM.Build.0 = Release|ARM
		{14836ECA-34BF-46CC-A613-909100D221E1}.Test|ARM64.ActiveCfg = Release|ARM64
		{14836ECA-34BF-46CC-A613-909100D221E1}.Test|ARM64.Build.0 = Release|ARM64
		{14836ECA-34BF-46CC-A613-909100D221E1}.Test|x64.ActiveCfg = Release|x64
		{14836ECA-34BF-46CC-A613-909100D221E1}.Test|x64.Build.0 = Release|x64
		{14836ECA-34BF-46CC-A613-909100D221E1}.Test|x86.ActiveCfg = Release|Win32
		{14836ECA-34BF-46CC-A613-909100D221E1}.Test|x86.Build.0 = Release|Win32
		{7DD283C8-AAA1-4800-9198-76FA152B0FEA}.Debug|Any CPU.ActiveCfg = Debug|Win32
		{7DD283C8-AAA1-4800-9198-76FA152B0FEA}.Debug|ARM.ActiveCfg = Debug|ARM
		{7DD283C8-AAA1-4800-9198-76FA152B0FEA}.Debug|ARM.Build.0 = Debug|ARM
		{7DD283C8-AAA1-4800-9198-76FA152B0FEA}.Debug|ARM.Deploy.0 = Debug|ARM
		{7DD283C8-AAA1-4800-9198-76FA152B0FEA}.Debug|ARM64.ActiveCfg = Debug|ARM64
		{7DD283C8-AAA1-4800-9198-76FA152B0FEA}.Debug|ARM64.Build.0 = Debug|ARM64
		{7DD283C8-AAA1-4800-9198-76FA152B0FEA}.Debug|ARM64.Deploy.0 = Debug|ARM64
		{7DD283C8-AAA1-4800-9198-76FA152B0FEA}.Debug|x64.ActiveCfg = Debug|x64
		{7DD283C8-AAA1-4800-9198-76FA152B0FEA}.Debug|x64.Build.0 = Debug|x64
		{7DD283C8-AAA1-4800-9198-76FA152B0FEA}.Debug|x64.Deploy.0 = Debug|x64
		{7DD283C8-AAA1-4800-9198-76FA152B0FEA}.Debug|x86.ActiveCfg = Debug|Win32
		{7DD283C8-AAA1-4800-9198-76FA152B0FEA}.Debug|x86.Build.0 = Debug|Win32
		{7DD283C8-AAA1-4800-9198-76FA152B0FEA}.Debug|x86.Deploy.0 = Debug|Win32
		{7DD283C8-AAA1-4800-9198-76FA152B0FEA}.Release|Any CPU.ActiveCfg = Release|Win32
		{7DD283C8-AAA1-4800-9198-76FA152B0FEA}.Release|ARM.ActiveCfg = Release|ARM
		{7DD283C8-AAA1-4800-9198-76FA152B0FEA}.Release|ARM.Build.0 = Release|ARM
		{7DD283C8-AAA1-4800-9198-76FA152B0FEA}.Release|ARM.Deploy.0 = Release|ARM
		{7DD283C8-AAA1-4800-9198-76FA152B0FEA}.Release|ARM64.ActiveCfg = Release|ARM64
		{7DD283C8-AAA1-4800-9198-76FA152B0FEA}.Release|ARM64.Build.0 = Release|ARM64
		{7DD283C8-AAA1-4800-9198-76FA152B0FEA}.Release|ARM64.Deploy.0 = Release|ARM64
		{7DD283C8-AAA1-4800-9198-76FA152B0FEA}.Release|x64.ActiveCfg = Release|x64
		{7DD283C8-AAA1-4800-9198-76FA152B0FEA}.Release|x64.Build.0 = Release|x64
		{7DD283C8-AAA1-4800-9198-76FA152B0FEA}.Release|x64.Deploy.0 = Release|x64
		{7DD283C8-AAA1-4800-9198-76FA152B0FEA}.Release|x86.ActiveCfg = Release|Win32
		{7DD283C8-AAA1-4800-9198-76FA152B0FEA}.Release|x86.Build.0 = Release|Win32
		{7DD283C8-AAA1-4800-9198-76FA152B0FEA}.Release|x86.Deploy.0 = Release|Win32
		{7DD283C8-AAA1-4800-9198-76FA152B0FEA}.Test|Any CPU.ActiveCfg = Release|Win32
		{7DD283C8-AAA1-4800-9198-76FA152B0FEA}.Test|Any CPU.Build.0 = Release|Win32
		{7DD283C8-AAA1-4800-9198-76FA152B0FEA}.Test|ARM.ActiveCfg = Release|ARM
		{7DD283C8-AAA1-4800-9198-76FA152B0FEA}.Test|ARM.Build.0 = Release|ARM
		{7DD283C8-AAA1-4800-9198-76FA152B0FEA}.Test|ARM64.ActiveCfg = Release|ARM64
		{7DD283C8-AAA1-4800-9198-76FA152B0FEA}.Test|ARM64.Build.0 = Release|ARM64
		{7DD283C8-AAA1-4800-9198-76FA152B0FEA}.Test|x64.ActiveCfg = Release|x64
		{7DD283C8-AAA1-4800-9198-76FA152B0FEA}.Test|x64.Build.0 = Release|x64
		{7DD283C8-AAA1-4800-9198-76FA152B0FEA}.Test|x86.ActiveCfg = Release|Win32
		{7DD283C8-AAA1-4800-9198-76FA152B0FEA}.Test|x86.Build.0 = Release|Win32
		{ED793EF4-748C-459C-96CD-3F00FE6A2720}.Debug|Any CPU.ActiveCfg = Debug|Win32
		{ED793EF4-748C-459C-96CD-3F00FE6A2720}.Debug|ARM.ActiveCfg = Debug|Win32
		{ED793EF4-748C-459C-96CD-3F00FE6A2720}.Debug|ARM64.ActiveCfg = Debug|Win32
		{ED793EF4-748C-459C-96CD-3F00FE6A2720}.Debug|x64.ActiveCfg = Debug|x64
		{ED793EF4-748C-459C-96CD-3F00FE6A2720}.Debug|x64.Build.0 = Debug|x64
		{ED793EF4-748C-459C-96CD-3F00FE6A2720}.Debug|x86.ActiveCfg = Debug|Win32
		{ED793EF4-748C-459C-96CD-3F00FE6A2720}.Debug|x86.Build.0 = Debug|Win32
		{ED793EF4-748C-459C-96CD-3F00FE6A2720}.Release|Any CPU.ActiveCfg = Release|Win32
		{ED793EF4-748C-459C-96CD-3F00FE6A2720}.Release|ARM.ActiveCfg = Release|Win32
		{ED793EF4-748C-459C-96CD-3F00FE6A2720}.Release|ARM64.ActiveCfg = Release|Win32
		{ED793EF4-748C-459C-96CD-3F00FE6A2720}.Release|x64.ActiveCfg = Release|x64
		{ED793EF4-748C-459C-96CD-3F00FE6A2720}.Release|x64.Build.0 = Release|x64
		{ED793EF4-748C-459C-96CD-3F00FE6A2720}.Release|x86.ActiveCfg = Release|Win32
		{ED793EF4-748C-459C-96CD-3F00FE6A2720}.Release|x86.Build.0 = Release|Win32
		{ED793EF4-748C-459C-96CD-3F00FE6A2720}.Test|Any CPU.ActiveCfg = Release|x64
		{ED793EF4-748C-459C-96CD-3F00FE6A2720}.Test|Any CPU.Build.0 = Release|x64
		{ED793EF4-748C-459C-96CD-3F00FE6A2720}.Test|ARM.ActiveCfg = Release|x64
		{ED793EF4-748C-459C-96CD-3F00FE6A2720}.Test|ARM.Build.0 = Release|x64
		{ED793EF4-748C-459C-96CD-3F00FE6A2720}.Test|ARM64.ActiveCfg = Release|x64
		{ED793EF4-748C-459C-96CD-3F00FE6A2720}.Test|ARM64.Build.0 = Release|x64
		{ED793EF4-748C-459C-96CD-3F00FE6A2720}.Test|x64.ActiveCfg = Release|x64
		{ED793EF4-748C-459C-96CD-3F00FE6A2720}.Test|x64.Build.0 = Release|x64
		{ED793EF4-748C-459C-96CD-3F00FE6A2720}.Test|x86.ActiveCfg = Release|Win32
		{ED793EF4-748C-459C-96CD-3F00FE6A2720}.Test|x86.Build.0 = Release|Win32
		{315393BC-1E4E-427C-88E8-33DD5B8713FF}.Debug|Any CPU.ActiveCfg = Debug|Any CPU
		{315393BC-1E4E-427C-88E8-33DD5B8713FF}.Debug|Any CPU.Build.0 = Debug|Any CPU
		{315393BC-1E4E-427C-88E8-33DD5B8713FF}.Debug|ARM.ActiveCfg = Debug|Any CPU
		{315393BC-1E4E-427C-88E8-33DD5B8713FF}.Debug|ARM.Build.0 = Debug|Any CPU
		{315393BC-1E4E-427C-88E8-33DD5B8713FF}.Debug|ARM64.ActiveCfg = Debug|Any CPU
		{315393BC-1E4E-427C-88E8-33DD5B8713FF}.Debug|ARM64.Build.0 = Debug|Any CPU
		{315393BC-1E4E-427C-88E8-33DD5B8713FF}.Debug|x64.ActiveCfg = Debug|x64
		{315393BC-1E4E-427C-88E8-33DD5B8713FF}.Debug|x64.Build.0 = Debug|x64
		{315393BC-1E4E-427C-88E8-33DD5B8713FF}.Debug|x86.ActiveCfg = Debug|x86
		{315393BC-1E4E-427C-88E8-33DD5B8713FF}.Debug|x86.Build.0 = Debug|x86
		{315393BC-1E4E-427C-88E8-33DD5B8713FF}.Release|Any CPU.ActiveCfg = Release|Any CPU
		{315393BC-1E4E-427C-88E8-33DD5B8713FF}.Release|Any CPU.Build.0 = Release|Any CPU
		{315393BC-1E4E-427C-88E8-33DD5B8713FF}.Release|ARM.ActiveCfg = Release|Any CPU
		{315393BC-1E4E-427C-88E8-33DD5B8713FF}.Release|ARM.Build.0 = Release|Any CPU
		{315393BC-1E4E-427C-88E8-33DD5B8713FF}.Release|ARM64.ActiveCfg = Release|Any CPU
		{315393BC-1E4E-427C-88E8-33DD5B8713FF}.Release|ARM64.Build.0 = Release|Any CPU
		{315393BC-1E4E-427C-88E8-33DD5B8713FF}.Release|x64.ActiveCfg = Release|x64
		{315393BC-1E4E-427C-88E8-33DD5B8713FF}.Release|x64.Build.0 = Release|x64
		{315393BC-1E4E-427C-88E8-33DD5B8713FF}.Release|x86.ActiveCfg = Release|x86
		{315393BC-1E4E-427C-88E8-33DD5B8713FF}.Release|x86.Build.0 = Release|x86
		{315393BC-1E4E-427C-88E8-33DD5B8713FF}.Test|Any CPU.ActiveCfg = Test|Any CPU
		{315393BC-1E4E-427C-88E8-33DD5B8713FF}.Test|Any CPU.Build.0 = Test|Any CPU
		{315393BC-1E4E-427C-88E8-33DD5B8713FF}.Test|ARM.ActiveCfg = Test|Any CPU
		{315393BC-1E4E-427C-88E8-33DD5B8713FF}.Test|ARM.Build.0 = Test|Any CPU
		{315393BC-1E4E-427C-88E8-33DD5B8713FF}.Test|ARM64.ActiveCfg = Test|Any CPU
		{315393BC-1E4E-427C-88E8-33DD5B8713FF}.Test|ARM64.Build.0 = Test|Any CPU
		{315393BC-1E4E-427C-88E8-33DD5B8713FF}.Test|x64.ActiveCfg = Test|x64
		{315393BC-1E4E-427C-88E8-33DD5B8713FF}.Test|x64.Build.0 = Test|x64
		{315393BC-1E4E-427C-88E8-33DD5B8713FF}.Test|x86.ActiveCfg = Test|x86
		{315393BC-1E4E-427C-88E8-33DD5B8713FF}.Test|x86.Build.0 = Test|x86
	EndGlobalSection
	GlobalSection(SolutionProperties) = preSolution
		HideSolutionNode = FALSE
	EndGlobalSection
	GlobalSection(ExtensibilityGlobals) = postSolution
		SolutionGuid = {FC874DAC-1B3D-4079-8960-CC48854709E7}
	EndGlobalSection
EndGlobal
