
Microsoft Visual Studio Solution File, Format Version 12.00
# Visual Studio Version 16
VisualStudioVersion = 16.0.32126.315
MinimumVisualStudioVersion = 10.0.40219.1
Project("{9A19103F-16F7-4668-BE54-9A1E7A4F7556}") = "KeyBoardListener", "KeyBoardListener.csproj", "{A58714A0-0E34-4D9A-ADA7-2E24E7BB17F0}"
EndProject
Global
	GlobalSection(SolutionConfigurationPlatforms) = preSolution
		Debug|Any CPU = Debug|Any CPU
		Release|Any CPU = Release|Any CPU
	EndGlobalSection
	GlobalSection(ProjectConfigurationPlatforms) = postSolution
		{A58714A0-0E34-4D9A-ADA7-2E24E7BB17F0}.Debug|Any CPU.ActiveCfg = Debug|Any CPU
		{A58714A0-0E34-4D9A-ADA7-2E24E7BB17F0}.Debug|Any CPU.Build.0 = Debug|Any CPU
		{A58714A0-0E34-4D9A-ADA7-2E24E7BB17F0}.Release|Any CPU.ActiveCfg = Release|Any CPU
		{A58714A0-0E34-4D9A-ADA7-2E24E7BB17F0}.Release|Any CPU.Build.0 = Release|Any CPU
	EndGlobalSection
	GlobalSection(SolutionProperties) = preSolution
		HideSolutionNode = FALSE
	EndGlobalSection
	GlobalSection(ExtensibilityGlobals) = postSolution
		SolutionGuid = {83DA6989-0ABB-45FC-98CD-327F2926F352}
	EndGlobalSection
EndGlobal
